<?xml version="1.0" encoding="utf-8"?>
<Project ToolsVersion="4.0" xmlns="http://schemas.microsoft.com/developer/msbuild/2003">
  <ItemGroup>
    <Filter Include="Source Files">
      <UniqueIdentifier>{4FC737F1-C7A5-4376-A066-2A32D752A2FF}</UniqueIdentifier>
      <Extensions>cpp;c;cc;cxx;def;odl;idl;hpj;bat;asm;asmx</Extensions>
    </Filter>
    <Filter Include="Header Files">
      <UniqueIdentifier>{93995380-89BD-4b04-88EB-625FBE52EBFB}</UniqueIdentifier>
      <Extensions>h;hh;hpp;hxx;hm;inl;inc;xsd</Extensions>
    </Filter>
    <Filter Include="Resource Files">
      <UniqueIdentifier>{67DA6AB6-F800-4c08-8B7A-83BB121AAD01}</UniqueIdentifier>
      <Extensions>rc;ico;cur;bmp;dlg;rc2;rct;bin;rgs;gif;jpg;jpeg;jpe;resx;tiff;tif;png;wav;mfcribbon-ms</Extensions>
    </Filter>
  </ItemGroup>
  <ItemGroup>
    <ClCompile Include="main.cpp">
      <Filter>Source Files</Filter>
    </ClCompile>
    <ClCompile Include="FileModel.cpp">
      <Filter>Source Files</Filter>
    </ClCompile>
    <ClCompile Include="FileLine.cpp">
      <Filter>Source Files</Filter>
    </ClCompile>
    <ClCompile Include="FileAgent.cpp">
      <Filter>Source Files</Filter>
    </ClCompile>
    <ClCompile Include="File.cpp">
      <Filter>Source Files</Filter>
    </ClCompile>
    <ClCompile Include="AgentDescription.cpp">
      <Filter>Source Files</Filter>
    </ClCompile>
    <ClCompile Include="AgentFunctionDescription.cpp">
      <Filter>Source Files</Filter>
    </ClCompile>
    <ClCompile Include="AgentFunctionInput.cpp">
      <Filter>Source Files</Filter>
    </ClCompile>
    <ClCompile Include="AgentFunctionOutput.cpp">
      <Filter>Source Files</Filter>
    </ClCompile>
    <ClCompile Include="AgentStateDescription.cpp">
      <Filter>Source Files</Filter>
    </ClCompile>
    <ClCompile Include="MessageDescription.cpp">
      <Filter>Source Files</Filter>
    </ClCompile>
    <ClCompile Include="ModelDescription.cpp">
      <Filter>Source Files</Filter>
    </ClCompile>
    <ClCompile Include="TreeNode.cpp">
      <Filter>Source Files</Filter>
    </ClCompile>
    <ClCompile Include="General_Functions.cpp">
      <Filter>Source Files</Filter>
    </ClCompile>
    <ClCompile Include="Created_C_Functions.cpp">
      <Filter>Source Files</Filter>
    </ClCompile>
    <ClCompile Include="Iterator.cpp">
      <Filter>Source Files</Filter>
    </ClCompile>
    <ClCompile Include="Create_Plot_File.cpp">
      <Filter>Source Files</Filter>
    </ClCompile>
  </ItemGroup>
  <ItemGroup>
    <ClInclude Include="FileModel.h">
      <Filter>Header Files</Filter>
    </ClInclude>
    <ClInclude Include="FileLine.h">
      <Filter>Header Files</Filter>
    </ClInclude>
    <ClInclude Include="FileAgent.h">
      <Filter>Header Files</Filter>
    </ClInclude>
    <ClInclude Include="File.h">
      <Filter>Header Files</Filter>
    </ClInclude>
    <ClInclude Include="AgentDescription.h">
      <Filter>Header Files</Filter>
    </ClInclude>
    <ClInclude Include="AgentFunctionDescription.h">
      <Filter>Header Files</Filter>
    </ClInclude>
    <ClInclude Include="AgentFunctionInput.h">
      <Filter>Header Files</Filter>
    </ClInclude>
    <ClInclude Include="AgentFunctionOutput.h">
      <Filter>Header Files</Filter>
    </ClInclude>
    <ClInclude Include="AgentStateDescription.h">
      <Filter>Header Files</Filter>
    </ClInclude>
    <ClInclude Include="MessageDescription.h">
      <Filter>Header Files</Filter>
    </ClInclude>
    <ClInclude Include="ModelDescription.h">
      <Filter>Header Files</Filter>
    </ClInclude>
    <ClInclude Include="TreeNode.h">
      <Filter>Header Files</Filter>
    </ClInclude>
    <ClInclude Include="General_Functions.h">
      <Filter>Header Files</Filter>
    </ClInclude>
    <ClInclude Include="Created_C_Functions.h">
      <Filter>Header Files</Filter>
    </ClInclude>
    <ClInclude Include="Iterator.h">
      <Filter>Header Files</Filter>
    </ClInclude>
    <ClInclude Include="Create_Plot_File.h">
      <Filter>Header Files</Filter>
    </ClInclude>
  </ItemGroup>
  <ItemGroup>
    <None Include="ClassDiagram.cd" />
  </ItemGroup>
</Project>